
Microsoft Visual Studio Solution File, Format Version 12.00
# Visual Studio Version 17
VisualStudioVersion = 17.3.32819.101
MinimumVisualStudioVersion = 10.0.40219.1
Project("{9A19103F-16F7-4668-BE54-9A1E7A4F7556}") = "TiendaServicios.Api.Autor", "TiendaServicios.Api.Autor\TiendaServicios.Api.Autor.csproj", "{663A8251-42F9-456C-8779-B1805D7B5527}"
EndProject
Project("{9A19103F-16F7-4668-BE54-9A1E7A4F7556}") = "TiendaServicios.Api.Libro", "TiendaServicios.Api.Libro\TiendaServicios.Api.Libro.csproj", "{8377189F-0354-4A59-9A39-8108472EA72E}"
EndProject
Project("{9A19103F-16F7-4668-BE54-9A1E7A4F7556}") = "TiendaServicios.Api.Librerias", "TiendaServicios.Api.Librerias\TiendaServicios.Api.Librerias.csproj", "{7185E670-1173-4F0A-8F17-4E79CA66125F}"
EndProject
Project("{9A19103F-16F7-4668-BE54-9A1E7A4F7556}") = "TiendaServicios.Api.Login", "TiendaServicios.Api.Login\TiendaServicios.Api.Login.csproj", "{7D1D61C9-0AB4-4D50-9792-D873A6892045}"
EndProject
Project("{FAE04EC0-301F-11D3-BF4B-00C04F79EFBC}") = "TiendaServicios.Api.CarritoCompra", "TiendaServicios.Api.CarritoCompra\TiendaServicios.Api.CarritoCompra.csproj", "{03263A23-3D0C-48AD-BFBE-FA170CDBE836}"
EndProject
Global
	GlobalSection(SolutionConfigurationPlatforms) = preSolution
		Debug|Any CPU = Debug|Any CPU
		Release|Any CPU = Release|Any CPU
	EndGlobalSection
	GlobalSection(ProjectConfigurationPlatforms) = postSolution
		{663A8251-42F9-456C-8779-B1805D7B5527}.Debug|Any CPU.ActiveCfg = Debug|Any CPU
		{663A8251-42F9-456C-8779-B1805D7B5527}.Debug|Any CPU.Build.0 = Debug|Any CPU
		{663A8251-42F9-456C-8779-B1805D7B5527}.Release|Any CPU.ActiveCfg = Release|Any CPU
		{663A8251-42F9-456C-8779-B1805D7B5527}.Release|Any CPU.Build.0 = Release|Any CPU
		{8377189F-0354-4A59-9A39-8108472EA72E}.Debug|Any CPU.ActiveCfg = Debug|Any CPU
		{8377189F-0354-4A59-9A39-8108472EA72E}.Debug|Any CPU.Build.0 = Debug|Any CPU
		{8377189F-0354-4A59-9A39-8108472EA72E}.Release|Any CPU.ActiveCfg = Release|Any CPU
		{8377189F-0354-4A59-9A39-8108472EA72E}.Release|Any CPU.Build.0 = Release|Any CPU
		{7185E670-1173-4F0A-8F17-4E79CA66125F}.Debug|Any CPU.ActiveCfg = Debug|Any CPU
		{7185E670-1173-4F0A-8F17-4E79CA66125F}.Debug|Any CPU.Build.0 = Debug|Any CPU
		{7185E670-1173-4F0A-8F17-4E79CA66125F}.Release|Any CPU.ActiveCfg = Release|Any CPU
		{7185E670-1173-4F0A-8F17-4E79CA66125F}.Release|Any CPU.Build.0 = Release|Any CPU
		{7D1D61C9-0AB4-4D50-9792-D873A6892045}.Debug|Any CPU.ActiveCfg = Debug|Any CPU
		{7D1D61C9-0AB4-4D50-9792-D873A6892045}.Debug|Any CPU.Build.0 = Debug|Any CPU
		{7D1D61C9-0AB4-4D50-9792-D873A6892045}.Release|Any CPU.ActiveCfg = Release|Any CPU
		{7D1D61C9-0AB4-4D50-9792-D873A6892045}.Release|Any CPU.Build.0 = Release|Any CPU
		{03263A23-3D0C-48AD-BFBE-FA170CDBE836}.Debug|Any CPU.ActiveCfg = Debug|Any CPU
		{03263A23-3D0C-48AD-BFBE-FA170CDBE836}.Debug|Any CPU.Build.0 = Debug|Any CPU
		{03263A23-3D0C-48AD-BFBE-FA170CDBE836}.Release|Any CPU.ActiveCfg = Release|Any CPU
		{03263A23-3D0C-48AD-BFBE-FA170CDBE836}.Release|Any CPU.Build.0 = Release|Any CPU
	EndGlobalSection
	GlobalSection(SolutionProperties) = preSolution
		HideSolutionNode = FALSE
	EndGlobalSection
	GlobalSection(ExtensibilityGlobals) = postSolution
		SolutionGuid = {517524D6-8199-4A3D-8BE6-1AEE6921E45F}
	EndGlobalSection
EndGlobal
